// !$*UTF8*$!
{
	archiveVersion = 1;
	classes = {
	};
	objectVersion = 46;
	objects = {

/* Begin PBXBuildFile section */
		57D309F11C7AEEE10075B0A5 /* main.m in Sources */ = {isa = PBXBuildFile; fileRef = 57D309F01C7AEEE10075B0A5 /* main.m */; };
		57D309F91C7AEF070075B0A5 /* XYPoint.m in Sources */ = {isa = PBXBuildFile; fileRef = 57D309F81C7AEF070075B0A5 /* XYPoint.m */; };
		57D309FC1C7AEF420075B0A5 /* Rectangle.m in Sources */ = {isa = PBXBuildFile; fileRef = 57D309FB1C7AEF420075B0A5 /* Rectangle.m */; };
/* End PBXBuildFile section */

/* Begin PBXCopyFilesBuildPhase section */
		57D309EB1C7AEEE10075B0A5 /* CopyFiles */ = {
			isa = PBXCopyFilesBuildPhase;
			buildActionMask = 2147483647;
			dstPath = /usr/share/man/man1/;
			dstSubfolderSpec = 0;
			files = (
			);
			runOnlyForDeploymentPostprocessing = 1;
		};
/* End PBXCopyFilesBuildPhase section */

/* Begin PBXFileReference section */
		57D309ED1C7AEEE10075B0A5 /* OverLap */ = {isa = PBXFileReference; explicitFileType = "compiled.mach-o.executable"; includeInIndex = 0; path = OverLap; sourceTree = BUILT_PRODUCTS_DIR; };
		57D309F01C7AEEE10075B0A5 /* main.m */ = {isa = PBXFileReference; lastKnownFileType = sourcecode.c.objc; path = main.m; sourceTree = "<group>"; };
		57D309F71C7AEF070075B0A5 /* XYPoint.h */ = {isa = PBXFileReference; fileEncoding = 4; lastKnownFileType = sourcecode.c.h; path = XYPoint.h; sourceTree = "<group>"; };
		57D309F81C7AEF070075B0A5 /* XYPoint.m */ = {isa = PBXFileReference; fileEncoding = 4; lastKnownFileType = sourcecode.c.objc; path = XYPoint.m; sourceTree = "<group>"; };
		57D309FA1C7AEF420075B0A5 /* Rectangle.h */ = {isa = PBXFileReference; fileEncoding = 4; lastKnownFileType = sourcecode.c.h; path = Rectangle.h; sourceTree = "<group>"; };
		57D309FB1C7AEF420075B0A5 /* Rectangle.m */ = {isa = PBXFileReference; fileEncoding = 4; lastKnownFileType = sourcecode.c.objc; path = Rectangle.m; sourceTree = "<group>"; };
/* End PBXFileReference section */

/* Begin PBXFrameworksBuildPhase section */
		57D309EA1C7AEEE10075B0A5 /* Frameworks */ = {
			isa = PBXFrameworksBuildPhase;
			buildActionMask = 2147483647;
			files = (
			);
			runOnlyForDeploymentPostprocessing = 0;
		};
/* End PBXFrameworksBuildPhase section */

/* Begin PBXGroup section */
		57D309E41C7AEEE10075B0A5 = {
			isa = PBXGroup;
			children = (
				57D309EF1C7AEEE10075B0A5 /* OverLap */,
				57D309EE1C7AEEE10075B0A5 /* Products */,
			);
			sourceTree = "<group>";
		};
		57D309EE1C7AEEE10075B0A5 /* Products */ = {
			isa = PBXGroup;
			children = (
				57D309ED1C7AEEE10075B0A5 /* OverLap */,
			);
			name = Products;
			sourceTree = "<group>";
		};
		57D309EF1C7AEEE10075B0A5 /* OverLap */ = {
			isa = PBXGroup;
			children = (
				57D309F01C7AEEE10075B0A5 /* main.m */,
				57D309F71C7AEF070075B0A5 /* XYPoint.h */,
				57D309F81C7AEF070075B0A5 /* XYPoint.m */,
				57D309FA1C7AEF420075B0A5 /* Rectangle.h */,
				57D309FB1C7AEF420075B0A5 /* Rectangle.m */,
			);
			path = OverLap;
			sourceTree = "<group>";
		};
/* End PBXGroup section */

/* Begin PBXNativeTarget section */
		57D309EC1C7AEEE10075B0A5 /* OverLap */ = {
			isa = PBXNativeTarget;
			buildConfigurationList = 57D309F41C7AEEE10075B0A5 /* Build configuration list for PBXNativeTarget "OverLap" */;
			buildPhases = (
				57D309E91C7AEEE10075B0A5 /* Sources */,
				57D309EA1C7AEEE10075B0A5 /* Frameworks */,
				57D309EB1C7AEEE10075B0A5 /* CopyFiles */,
			);
			buildRules = (
			);
			dependencies = (
			);
			name = OverLap;
			productName = OverLap;
			productReference = 57D309ED1C7AEEE10075B0A5 /* OverLap */;
			productType = "com.apple.product-type.tool";
		};
/* End PBXNativeTarget section */

/* Begin PBXProject section */
		57D309E51C7AEEE10075B0A5 /* Project object */ = {
			isa = PBXProject;
			attributes = {
				LastUpgradeCheck = 0720;
				ORGANIZATIONNAME = parentheart;
				TargetAttributes = {
					57D309EC1C7AEEE10075B0A5 = {
						CreatedOnToolsVersion = 7.2.1;
					};
				};
			};
			buildConfigurationList = 57D309E81C7AEEE10075B0A5 /* Build configuration list for PBXProject "OverLap" */;
			compatibilityVersion = "Xcode 3.2";
			developmentRegion = English;
			hasScannedForEncodings = 0;
			knownRegions = (
				en,
			);
			mainGroup = 57D309E41C7AEEE10075B0A5;
			productRefGroup = 57D309EE1C7AEEE10075B0A5 /* Products */;
			projectDirPath = "";
			projectRoot = "";
			targets = (
				57D309EC1C7AEEE10075B0A5 /* OverLap */,
			);
		};
/* End PBXProject section */

/* Begin PBXSourcesBuildPhase section */
		57D309E91C7AEEE10075B0A5 /* Sources */ = {
			isa = PBXSourcesBuildPhase;
			buildActionMask = 2147483647;
			files = (
				57D309F11C7AEEE10075B0A5 /* main.m in Sources */,
				57D309F91C7AEF070075B0A5 /* XYPoint.m in Sources */,
				57D309FC1C7AEF420075B0A5 /* Rectangle.m in Sources */,
			);
			runOnlyForDeploymentPostprocessing = 0;
		};
/* End PBXSourcesBuildPhase section */

/* Begin XCBuildConfiguration section */
		57D309F21C7AEEE10075B0A5 /* Debug */ = {
			isa = XCBuildConfiguration;
			buildSettings = {
				ALWAYS_SEARCH_USER_PATHS = NO;
				CLANG_CXX_LANGUAGE_STANDARD = "gnu++0x";
				CLANG_CXX_LIBRARY = "libc++";
				CLANG_ENABLE_MODULES = YES;
				CLANG_ENABLE_OBJC_ARC = YES;
				CLANG_WARN_BOOL_CONVERSION = YES;
				CLANG_WARN_CONSTANT_CONVERSION = YES;
				CLANG_WARN_DIRECT_OBJC_ISA_USAGE = YES_ERROR;
				CLANG_WARN_EMPTY_BODY = YES;
				CLANG_WARN_ENUM_CONVERSION = YES;
				CLANG_WARN_INT_CONVERSION = YES;
				CLANG_WARN_OBJC_ROOT_CLASS = YES_ERROR;
				CLANG_WARN_UNREACHABLE_CODE = YES;
				CLANG_WARN__DUPLICATE_METHOD_MATCH = YES;
				CODE_SIGN_IDENTITY = "-";
				COPY_PHASE_STRIP = NO;
				DEBUG_INFORMATION_FORMAT = dwarf;
				ENABLE_STRICT_OBJC_MSGSEND = YES;
				ENABLE_TESTABILITY = YES;
				GCC_C_LANGUAGE_STANDARD = gnu99;
				GCC_DYNAMIC_NO_PIC = NO;
				GCC_NO_COMMON_BLOCKS = YES;
				GCC_OPTIMIZATION_LEVEL = 0;
				GCC_PREPROCESSOR_DEFINITIONS = (
					"DEBUG=1",
					"$(inherited)",
				);
				GCC_WARN_64_TO_32_BIT_CONVERSION = YES;
				GCC_WARN_ABOUT_RETURN_TYPE = YES_ERROR;
				GCC_WARN_UNDECLARED_SELECTOR = YES;
				GCC_WARN_UNINITIALIZED_AUTOS = YES_AGGRESSIVE;
				GCC_WARN_UNUSED_FUNCTION = YES;
				GCC_WARN_UNUSED_VARIABLE = YES;
				MACOSX_DEPLOYMENT_TARGET = 10.11;
				MTL_ENABLE_DEBUG_INFO = YES;
				ONLY_ACTIVE_ARCH = YES;
				SDKROOT = macosx;
			};
			name = Debug;
		};
		57D309F31C7AEEE10075B0A5 /* Release */ = {
			isa = XCBuildConfiguration;
			buildSettings = {
				ALWAYS_SEARCH_USER_PATHS = NO;
				CLANG_CXX_LANGUAGE_STANDARD = "gnu++0x";
				CLANG_CXX_LIBRARY = "libc++";
				CLANG_ENABLE_MODULES = YES;
				CLANG_ENABLE_OBJC_ARC = YES;
				CLANG_WARN_BOOL_CONVERSION = YES;
				CLANG_WARN_CONSTANT_CONVERSION = YES;
				CLANG_WARN_DIRECT_OBJC_ISA_USAGE = YES_ERROR;
				CLANG_WARN_EMPTY_BODY = YES;
				CLANG_WARN_ENUM_CONVERSION = YES;
				CLANG_WARN_INT_CONVERSION = YES;
				CLANG_WARN_OBJC_ROOT_CLASS = YES_ERROR;
				CLANG_WARN_UNREACHABLE_CODE = YES;
				CLANG_WARN__DUPLICATE_METHOD_MATCH = YES;
				CODE_SIGN_IDENTITY = "-";
				COPY_PHASE_STRIP = NO;
				DEBUG_INFORMATION_FORMAT = "dwarf-with-dsym";
				ENABLE_NS_ASSERTIONS = NO;
				ENABLE_STRICT_OBJC_MSGSEND = YES;
				GCC_C_LANGUAGE_STANDARD = gnu99;
				GCC_NO_COMMON_BLOCKS = YES;
				GCC_WARN_64_TO_32_BIT_CONVERSION = YES;
				GCC_WARN_ABOUT_RETURN_TYPE = YES_ERROR;
				GCC_WARN_UNDECLARED_SELECTOR = YES;
				GCC_WARN_UNINITIALIZED_AUTOS = YES_AGGRESSIVE;
				GCC_WARN_UNUSED_FUNCTION = YES;
				GCC_WARN_UNUSED_VARIABLE = YES;
				MACOSX_DEPLOYMENT_TARGET = 10.11;
				MTL_ENABLE_DEBUG_INFO = NO;
				SDKROOT = macosx;
			};
			name = Release;
		};
		57D309F51C7AEEE10075B0A5 /* Debug */ = {
			isa = XCBuildConfiguration;
			buildSettings = {
				PRODUCT_NAME = "$(TARGET_NAME)";
			};
			name = Debug;
		};
		57D309F61C7AEEE10075B0A5 /* Release */ = {
			isa = XCBuildConfiguration;
			buildSettings = {
				PRODUCT_NAME = "$(TARGET_NAME)";
			};
			name = Release;
		};
/* End XCBuildConfiguration section */

/* Begin XCConfigurationList section */
		57D309E81C7AEEE10075B0A5 /* Build configuration list for PBXProject "OverLap" */ = {
			isa = XCConfigurationList;
			buildConfigurations = (
				57D309F21C7AEEE10075B0A5 /* Debug */,
				57D309F31C7AEEE10075B0A5 /* Release */,
			);
			defaultConfigurationIsVisible = 0;
			defaultConfigurationName = Release;
		};
		57D309F41C7AEEE10075B0A5 /* Build configuration list for PBXNativeTarget "OverLap" */ = {
			isa = XCConfigurationList;
			buildConfigurations = (
				57D309F51C7AEEE10075B0A5 /* Debug */,
				57D309F61C7AEEE10075B0A5 /* Release */,
			);
			defaultConfigurationIsVisible = 0;
		};
/* End XCConfigurationList section */
	};
	rootObject = 57D309E51C7AEEE10075B0A5 /* Project object */;
}
